
Microsoft Visual Studio Solution File, Format Version 12.00
# Visual Studio Version 17
VisualStudioVersion = 17.11.35327.3
MinimumVisualStudioVersion = 10.0.40219.1
Project("{FAE04EC0-301F-11D3-BF4B-00C04F79EFBC}") = "PngPreprocessor", "PngPreprocessor\PngPreprocessor.csproj", "{DEFC0605-88FE-42D0-9FB3-4934E8FCD7E4}"
EndProject
Global
	GlobalSection(SolutionConfigurationPlatforms) = preSolution
		Debug|Any CPU = Debug|Any CPU
		Release|Any CPU = Release|Any CPU
	EndGlobalSection
	GlobalSection(ProjectConfigurationPlatforms) = postSolution
		{DEFC0605-88FE-42D0-9FB3-4934E8FCD7E4}.Debug|Any CPU.ActiveCfg = Debug|Any CPU
		{DEFC0605-88FE-42D0-9FB3-4934E8FCD7E4}.Debug|Any CPU.Build.0 = Debug|Any CPU
		{DEFC0605-88FE-42D0-9FB3-4934E8FCD7E4}.Release|Any CPU.ActiveCfg = Release|Any CPU
		{DEFC0605-88FE-42D0-9FB3-4934E8FCD7E4}.Release|Any CPU.Build.0 = Release|Any CPU
	EndGlobalSection
	GlobalSection(SolutionProperties) = preSolution
		HideSolutionNode = FALSE
	EndGlobalSection
	GlobalSection(ExtensibilityGlobals) = postSolution
		SolutionGuid = {45BECCD5-7CEB-4DB3-AF13-9BDA208616BB}
	EndGlobalSection
EndGlobal
